
Microsoft Visual Studio Solution File, Format Version 10.00
# Visual Studio 2008
Project("{2150E333-8FDC-42A3-9474-1A3956D46DE8}") = "FFmpeg", "FFmpeg", "{0773640F-C9F6-4F77-ABC7-2216D23F7C75}"
EndProject
Project("{2150E333-8FDC-42A3-9474-1A3956D46DE8}") = "SDL", "SDL", "{5A793C56-C9BB-461E-874A-1FCC47E5B670}"
EndProject
Project("{2150E333-8FDC-42A3-9474-1A3956D46DE8}") = "Test", "Test", "{7B31BE79-BED9-48C8-99B6-A35B33CDFAB7}"
EndProject
Project("{2150E333-8FDC-42A3-9474-1A3956D46DE8}") = "live555", "live555", "{9F72E0C9-3E79-4F12-B433-0F30BC908A83}"
EndProject
Project("{2150E333-8FDC-42A3-9474-1A3956D46DE8}") = "lib", "lib", "{444268B0-BEF5-4A8B-9530-5927AA2BF05C}"
EndProject
Project("{2150E333-8FDC-42A3-9474-1A3956D46DE8}") = "tests", "tests", "{549B414D-9832-46C9-9B06-1FC6AACDE086}"
EndProject
Project("{8BC9CEB8-8B4A-11D0-8D11-00A0C91BC942}") = "UsageEnvironment", "live555\VisualC\live\UsageEnvironment.vcproj", "{6D291F3C-43B4-4945-B96B-D2C6C3333F25}"
EndProject
Project("{8BC9CEB8-8B4A-11D0-8D11-00A0C91BC942}") = "BasicUsageEnvironment", "live555\VisualC\live\BasicUsageEnvironment.vcproj", "{35C76C98-910A-4B26-A8A6-AEE7C9962ADA}"
EndProject
Project("{8BC9CEB8-8B4A-11D0-8D11-00A0C91BC942}") = "groupsock", "live555\VisualC\live\groupsock.vcproj", "{86A5302C-A11C-46FD-9D3B-D2D037F24C12}"
EndProject
Project("{8BC9CEB8-8B4A-11D0-8D11-00A0C91BC942}") = "liveMedia", "live555\VisualC\live\liveMedia.vcproj", "{454E845F-07F7-41BB-9606-269B676BA13D}"
EndProject
Project("{8BC9CEB8-8B4A-11D0-8D11-00A0C91BC942}") = "mediaServer", "live555\VisualC\live\mediaServer.vcproj", "{AC2EDF45-C393-4F43-ADCC-DECFF028011E}"
	ProjectSection(ProjectDependencies) = postProject
		{86A5302C-A11C-46FD-9D3B-D2D037F24C12} = {86A5302C-A11C-46FD-9D3B-D2D037F24C12}
		{6D291F3C-43B4-4945-B96B-D2C6C3333F25} = {6D291F3C-43B4-4945-B96B-D2C6C3333F25}
		{454E845F-07F7-41BB-9606-269B676BA13D} = {454E845F-07F7-41BB-9606-269B676BA13D}
		{35C76C98-910A-4B26-A8A6-AEE7C9962ADA} = {35C76C98-910A-4B26-A8A6-AEE7C9962ADA}
	EndProjectSection
EndProject
Project("{8BC9CEB8-8B4A-11D0-8D11-00A0C91BC942}") = "openRTSP", "live555\VisualC\tests\openRTSP.vcproj", "{9EE20C59-7F8A-4104-AE73-0DE84E5CF469}"
	ProjectSection(ProjectDependencies) = postProject
		{86A5302C-A11C-46FD-9D3B-D2D037F24C12} = {86A5302C-A11C-46FD-9D3B-D2D037F24C12}
		{6D291F3C-43B4-4945-B96B-D2C6C3333F25} = {6D291F3C-43B4-4945-B96B-D2C6C3333F25}
		{454E845F-07F7-41BB-9606-269B676BA13D} = {454E845F-07F7-41BB-9606-269B676BA13D}
		{35C76C98-910A-4B26-A8A6-AEE7C9962ADA} = {35C76C98-910A-4B26-A8A6-AEE7C9962ADA}
	EndProjectSection
EndProject
Project("{8BC9CEB8-8B4A-11D0-8D11-00A0C91BC942}") = "graywin", "SDL\VisualC\tests\graywin\graywin.vcproj", "{0BCCA0BF-073E-439E-BCE0-C9353C177487}"
	ProjectSection(ProjectDependencies) = postProject
		{81CE8DAF-EBB2-4761-8E45-B71ABCCA8C68} = {81CE8DAF-EBB2-4761-8E45-B71ABCCA8C68}
		{DA956FD3-E142-46F2-9DD5-C78BEBB56B7A} = {DA956FD3-E142-46F2-9DD5-C78BEBB56B7A}
	EndProjectSection
EndProject
Project("{8BC9CEB8-8B4A-11D0-8D11-00A0C91BC942}") = "loopwave", "SDL\VisualC\tests\loopwave\loopwave.vcproj", "{AAAD1CB5-7ADA-47AE-85A0-08A6EC48FAFB}"
	ProjectSection(ProjectDependencies) = postProject
		{81CE8DAF-EBB2-4761-8E45-B71ABCCA8C68} = {81CE8DAF-EBB2-4761-8E45-B71ABCCA8C68}
		{DA956FD3-E142-46F2-9DD5-C78BEBB56B7A} = {DA956FD3-E142-46F2-9DD5-C78BEBB56B7A}
	EndProjectSection
EndProject
Project("{8BC9CEB8-8B4A-11D0-8D11-00A0C91BC942}") = "testalpha", "SDL\VisualC\tests\testalpha\testalpha.vcproj", "{7814D54B-65D3-4677-AD77-E0B980B4FA2D}"
	ProjectSection(ProjectDependencies) = postProject
		{81CE8DAF-EBB2-4761-8E45-B71ABCCA8C68} = {81CE8DAF-EBB2-4761-8E45-B71ABCCA8C68}
		{DA956FD3-E142-46F2-9DD5-C78BEBB56B7A} = {DA956FD3-E142-46F2-9DD5-C78BEBB56B7A}
	EndProjectSection
EndProject
Project("{8BC9CEB8-8B4A-11D0-8D11-00A0C91BC942}") = "testgamma", "SDL\VisualC\tests\testgamma\testgamma.vcproj", "{D974A0DF-3E2E-445C-A2EB-E899E9B582CB}"
	ProjectSection(ProjectDependencies) = postProject
		{81CE8DAF-EBB2-4761-8E45-B71ABCCA8C68} = {81CE8DAF-EBB2-4761-8E45-B71ABCCA8C68}
		{DA956FD3-E142-46F2-9DD5-C78BEBB56B7A} = {DA956FD3-E142-46F2-9DD5-C78BEBB56B7A}
	EndProjectSection
EndProject
Project("{8BC9CEB8-8B4A-11D0-8D11-00A0C91BC942}") = "testgl", "SDL\VisualC\tests\testgl\testgl.vcproj", "{272D976B-A1DF-4DEB-BD7F-5C0D330E0C7D}"
	ProjectSection(ProjectDependencies) = postProject
		{81CE8DAF-EBB2-4761-8E45-B71ABCCA8C68} = {81CE8DAF-EBB2-4761-8E45-B71ABCCA8C68}
		{DA956FD3-E142-46F2-9DD5-C78BEBB56B7A} = {DA956FD3-E142-46F2-9DD5-C78BEBB56B7A}
	EndProjectSection
EndProject
Project("{8BC9CEB8-8B4A-11D0-8D11-00A0C91BC942}") = "testjoystick", "SDL\VisualC\tests\testjoystick\testjoystick.vcproj", "{55812185-D13C-4022-9C81-32E0F4A08304}"
	ProjectSection(ProjectDependencies) = postProject
		{81CE8DAF-EBB2-4761-8E45-B71ABCCA8C68} = {81CE8DAF-EBB2-4761-8E45-B71ABCCA8C68}
		{DA956FD3-E142-46F2-9DD5-C78BEBB56B7A} = {DA956FD3-E142-46F2-9DD5-C78BEBB56B7A}
	EndProjectSection
EndProject
Project("{8BC9CEB8-8B4A-11D0-8D11-00A0C91BC942}") = "testpalette", "SDL\VisualC\tests\testpalette\testpalette.vcproj", "{493A8F38-5DA5-4E2D-B5E9-9E69EE4ED1DC}"
	ProjectSection(ProjectDependencies) = postProject
		{81CE8DAF-EBB2-4761-8E45-B71ABCCA8C68} = {81CE8DAF-EBB2-4761-8E45-B71ABCCA8C68}
		{DA956FD3-E142-46F2-9DD5-C78BEBB56B7A} = {DA956FD3-E142-46F2-9DD5-C78BEBB56B7A}
	EndProjectSection
EndProject
Project("{8BC9CEB8-8B4A-11D0-8D11-00A0C91BC942}") = "testvidinfo", "SDL\VisualC\tests\testvidinfo\testvidinfo.vcproj", "{575FD095-EDAB-4BD4-B733-CD4A874F6FB0}"
	ProjectSection(ProjectDependencies) = postProject
		{81CE8DAF-EBB2-4761-8E45-B71ABCCA8C68} = {81CE8DAF-EBB2-4761-8E45-B71ABCCA8C68}
		{DA956FD3-E142-46F2-9DD5-C78BEBB56B7A} = {DA956FD3-E142-46F2-9DD5-C78BEBB56B7A}
	EndProjectSection
EndProject
Project("{8BC9CEB8-8B4A-11D0-8D11-00A0C91BC942}") = "testwin", "SDL\VisualC\tests\testwin\testwin.vcproj", "{0FFD1A21-11DB-492C-A989-E4F195B0C441}"
	ProjectSection(ProjectDependencies) = postProject
		{81CE8DAF-EBB2-4761-8E45-B71ABCCA8C68} = {81CE8DAF-EBB2-4761-8E45-B71ABCCA8C68}
		{DA956FD3-E142-46F2-9DD5-C78BEBB56B7A} = {DA956FD3-E142-46F2-9DD5-C78BEBB56B7A}
	EndProjectSection
EndProject
Project("{8BC9CEB8-8B4A-11D0-8D11-00A0C91BC942}") = "testwm", "SDL\VisualC\tests\testwm\testwm.vcproj", "{6AF0724B-BAC1-4C9D-AFBF-F63B4A2FB8FB}"
	ProjectSection(ProjectDependencies) = postProject
		{81CE8DAF-EBB2-4761-8E45-B71ABCCA8C68} = {81CE8DAF-EBB2-4761-8E45-B71ABCCA8C68}
		{DA956FD3-E142-46F2-9DD5-C78BEBB56B7A} = {DA956FD3-E142-46F2-9DD5-C78BEBB56B7A}
	EndProjectSection
EndProject
Project("{8BC9CEB8-8B4A-11D0-8D11-00A0C91BC942}") = "testplatform", "SDL\VisualC\tests\testplatform\testplatform.vcproj", "{26932B24-EFC6-4E3A-B277-ED653DA37968}"
	ProjectSection(ProjectDependencies) = postProject
		{81CE8DAF-EBB2-4761-8E45-B71ABCCA8C68} = {81CE8DAF-EBB2-4761-8E45-B71ABCCA8C68}
		{DA956FD3-E142-46F2-9DD5-C78BEBB56B7A} = {DA956FD3-E142-46F2-9DD5-C78BEBB56B7A}
	EndProjectSection
EndProject
Project("{8BC9CEB8-8B4A-11D0-8D11-00A0C91BC942}") = "testfile", "SDL\VisualC\tests\testfile\testfile.vcproj", "{CAE4F1D0-314F-4B10-805B-0EFD670133A0}"
	ProjectSection(ProjectDependencies) = postProject
		{81CE8DAF-EBB2-4761-8E45-B71ABCCA8C68} = {81CE8DAF-EBB2-4761-8E45-B71ABCCA8C68}
		{DA956FD3-E142-46F2-9DD5-C78BEBB56B7A} = {DA956FD3-E142-46F2-9DD5-C78BEBB56B7A}
	EndProjectSection
EndProject
Project("{8BC9CEB8-8B4A-11D0-8D11-00A0C91BC942}") = "SDL", "SDL\VisualC\SDL\SDL.vcproj", "{81CE8DAF-EBB2-4761-8E45-B71ABCCA8C68}"
EndProject
Project("{8BC9CEB8-8B4A-11D0-8D11-00A0C91BC942}") = "SDLmain", "SDL\VisualC\SDLmain\SDLmain.vcproj", "{DA956FD3-E142-46F2-9DD5-C78BEBB56B7A}"
EndProject
Project("{2150E333-8FDC-42A3-9474-1A3956D46DE8}") = "lib", "lib", "{F9789957-66C0-4DB8-AE5C-99785AC87B23}"
EndProject
Project("{8BC9CEB8-8B4A-11D0-8D11-00A0C91BC942}") = "libavutil", "FFmpeg\VisualC\ffmpeg\lib\libavutil.vcproj", "{22CDF27E-E761-4CA6-9958-C044B69809EC}"
EndProject
Project("{8BC9CEB8-8B4A-11D0-8D11-00A0C91BC942}") = "libavcodec", "FFmpeg\VisualC\ffmpeg\lib\libavcodec.vcproj", "{0BDABBD7-E80E-481A-A1AE-7C8A71AA4A45}"
EndProject
Project("{8BC9CEB8-8B4A-11D0-8D11-00A0C91BC942}") = "libavcore", "FFmpeg\VisualC\ffmpeg\lib\libavcore.vcproj", "{2EE56172-C5A0-4EE8-A828-73DAC5419A14}"
EndProject
Project("{8BC9CEB8-8B4A-11D0-8D11-00A0C91BC942}") = "libavdevice", "FFmpeg\VisualC\ffmpeg\lib\libavdevice.vcproj", "{E036C168-2F4C-4D89-A609-3544EB836FD6}"
EndProject
Project("{8BC9CEB8-8B4A-11D0-8D11-00A0C91BC942}") = "libavfilter", "FFmpeg\VisualC\ffmpeg\lib\libavfilter.vcproj", "{2EA62DB1-4DBD-4296-BA46-F7C13EEE8B6C}"
EndProject
Project("{8BC9CEB8-8B4A-11D0-8D11-00A0C91BC942}") = "libavformat", "FFmpeg\VisualC\ffmpeg\lib\libavformat.vcproj", "{27703924-2CDF-414C-B0B1-1FD7EBCEACDC}"
EndProject
Project("{8BC9CEB8-8B4A-11D0-8D11-00A0C91BC942}") = "libswscale", "FFmpeg\VisualC\ffmpeg\lib\libswscale.vcproj", "{E8EF0B2F-4970-4F96-AA0A-1C5EC702FD0C}"
EndProject
Project("{8BC9CEB8-8B4A-11D0-8D11-00A0C91BC942}") = "libvsmm", "FFmpeg\VisualC\ffmpeg\lib\libvsmm.vcproj", "{6DA5DE43-AE32-41A0-A91F-1945D723B389}"
EndProject
Project("{8BC9CEB8-8B4A-11D0-8D11-00A0C91BC942}") = "FFplay", "FFmpeg\VisualC\ffmpeg\FFplay.vcproj", "{7C496217-4630-479D-9652-7810488915A1}"
EndProject
Project("{8BC9CEB8-8B4A-11D0-8D11-00A0C91BC942}") = "FFmpeg", "FFmpeg\VisualC\ffmpeg\FFmpeg.vcproj", "{0962A130-47E7-4EA5-897C-0BEAAB275337}"
EndProject
Project("{2150E333-8FDC-42A3-9474-1A3956D46DE8}") = "test", "test", "{153D9858-4869-45E2-B4AB-6391FA391047}"
EndProject
Project("{8BC9CEB8-8B4A-11D0-8D11-00A0C91BC942}") = "VSPlayer", "FFmpeg\VisualC\test\VSPlayer.vcproj", "{2236FD48-8E38-4F01-9AD8-402E150A8F34}"
EndProject
Global
	GlobalSection(SolutionConfigurationPlatforms) = preSolution
		Debug|Win32 = Debug|Win32
		Release_NoSTDIO|Win32 = Release_NoSTDIO|Win32
		Release|Win32 = Release|Win32
	EndGlobalSection
	GlobalSection(ProjectConfigurationPlatforms) = postSolution
		{6D291F3C-43B4-4945-B96B-D2C6C3333F25}.Debug|Win32.ActiveCfg = Debug|Win32
		{6D291F3C-43B4-4945-B96B-D2C6C3333F25}.Debug|Win32.Build.0 = Debug|Win32
		{6D291F3C-43B4-4945-B96B-D2C6C3333F25}.Release_NoSTDIO|Win32.ActiveCfg = Release|Win32
		{6D291F3C-43B4-4945-B96B-D2C6C3333F25}.Release_NoSTDIO|Win32.Build.0 = Release|Win32
		{6D291F3C-43B4-4945-B96B-D2C6C3333F25}.Release|Win32.ActiveCfg = Release|Win32
		{6D291F3C-43B4-4945-B96B-D2C6C3333F25}.Release|Win32.Build.0 = Release|Win32
		{35C76C98-910A-4B26-A8A6-AEE7C9962ADA}.Debug|Win32.ActiveCfg = Debug|Win32
		{35C76C98-910A-4B26-A8A6-AEE7C9962ADA}.Debug|Win32.Build.0 = Debug|Win32
		{35C76C98-910A-4B26-A8A6-AEE7C9962ADA}.Release_NoSTDIO|Win32.ActiveCfg = Release|Win32
		{35C76C98-910A-4B26-A8A6-AEE7C9962ADA}.Release_NoSTDIO|Win32.Build.0 = Release|Win32
		{35C76C98-910A-4B26-A8A6-AEE7C9962ADA}.Release|Win32.ActiveCfg = Release|Win32
		{35C76C98-910A-4B26-A8A6-AEE7C9962ADA}.Release|Win32.Build.0 = Release|Win32
		{86A5302C-A11C-46FD-9D3B-D2D037F24C12}.Debug|Win32.ActiveCfg = Debug|Win32
		{86A5302C-A11C-46FD-9D3B-D2D037F24C12}.Debug|Win32.Build.0 = Debug|Win32
		{86A5302C-A11C-46FD-9D3B-D2D037F24C12}.Release_NoSTDIO|Win32.ActiveCfg = Release|Win32
		{86A5302C-A11C-46FD-9D3B-D2D037F24C12}.Release_NoSTDIO|Win32.Build.0 = Release|Win32
		{86A5302C-A11C-46FD-9D3B-D2D037F24C12}.Release|Win32.ActiveCfg = Release|Win32
		{86A5302C-A11C-46FD-9D3B-D2D037F24C12}.Release|Win32.Build.0 = Release|Win32
		{454E845F-07F7-41BB-9606-269B676BA13D}.Debug|Win32.ActiveCfg = Debug|Win32
		{454E845F-07F7-41BB-9606-269B676BA13D}.Debug|Win32.Build.0 = Debug|Win32
		{454E845F-07F7-41BB-9606-269B676BA13D}.Release_NoSTDIO|Win32.ActiveCfg = Release|Win32
		{454E845F-07F7-41BB-9606-269B676BA13D}.Release_NoSTDIO|Win32.Build.0 = Release|Win32
		{454E845F-07F7-41BB-9606-269B676BA13D}.Release|Win32.ActiveCfg = Release|Win32
		{454E845F-07F7-41BB-9606-269B676BA13D}.Release|Win32.Build.0 = Release|Win32
		{AC2EDF45-C393-4F43-ADCC-DECFF028011E}.Debug|Win32.ActiveCfg = Debug|Win32
		{AC2EDF45-C393-4F43-ADCC-DECFF028011E}.Debug|Win32.Build.0 = Debug|Win32
		{AC2EDF45-C393-4F43-ADCC-DECFF028011E}.Release_NoSTDIO|Win32.ActiveCfg = Release|Win32
		{AC2EDF45-C393-4F43-ADCC-DECFF028011E}.Release_NoSTDIO|Win32.Build.0 = Release|Win32
		{AC2EDF45-C393-4F43-ADCC-DECFF028011E}.Release|Win32.ActiveCfg = Release|Win32
		{AC2EDF45-C393-4F43-ADCC-DECFF028011E}.Release|Win32.Build.0 = Release|Win32
		{9EE20C59-7F8A-4104-AE73-0DE84E5CF469}.Debug|Win32.ActiveCfg = Debug|Win32
		{9EE20C59-7F8A-4104-AE73-0DE84E5CF469}.Debug|Win32.Build.0 = Debug|Win32
		{9EE20C59-7F8A-4104-AE73-0DE84E5CF469}.Release_NoSTDIO|Win32.ActiveCfg = Release|Win32
		{9EE20C59-7F8A-4104-AE73-0DE84E5CF469}.Release_NoSTDIO|Win32.Build.0 = Release|Win32
		{9EE20C59-7F8A-4104-AE73-0DE84E5CF469}.Release|Win32.ActiveCfg = Release|Win32
		{9EE20C59-7F8A-4104-AE73-0DE84E5CF469}.Release|Win32.Build.0 = Release|Win32
		{0BCCA0BF-073E-439E-BCE0-C9353C177487}.Debug|Win32.ActiveCfg = Debug|Win32
		{0BCCA0BF-073E-439E-BCE0-C9353C177487}.Debug|Win32.Build.0 = Debug|Win32
		{0BCCA0BF-073E-439E-BCE0-C9353C177487}.Release_NoSTDIO|Win32.ActiveCfg = Release|Win32
		{0BCCA0BF-073E-439E-BCE0-C9353C177487}.Release_NoSTDIO|Win32.Build.0 = Release|Win32
		{0BCCA0BF-073E-439E-BCE0-C9353C177487}.Release|Win32.ActiveCfg = Release|Win32
		{0BCCA0BF-073E-439E-BCE0-C9353C177487}.Release|Win32.Build.0 = Release|Win32
		{AAAD1CB5-7ADA-47AE-85A0-08A6EC48FAFB}.Debug|Win32.ActiveCfg = Debug|Win32
		{AAAD1CB5-7ADA-47AE-85A0-08A6EC48FAFB}.Debug|Win32.Build.0 = Debug|Win32
		{AAAD1CB5-7ADA-47AE-85A0-08A6EC48FAFB}.Release_NoSTDIO|Win32.ActiveCfg = Release|Win32
		{AAAD1CB5-7ADA-47AE-85A0-08A6EC48FAFB}.Release_NoSTDIO|Win32.Build.0 = Release|Win32
		{AAAD1CB5-7ADA-47AE-85A0-08A6EC48FAFB}.Release|Win32.ActiveCfg = Release|Win32
		{AAAD1CB5-7ADA-47AE-85A0-08A6EC48FAFB}.Release|Win32.Build.0 = Release|Win32
		{7814D54B-65D3-4677-AD77-E0B980B4FA2D}.Debug|Win32.ActiveCfg = Debug|Win32
		{7814D54B-65D3-4677-AD77-E0B980B4FA2D}.Debug|Win32.Build.0 = Debug|Win32
		{7814D54B-65D3-4677-AD77-E0B980B4FA2D}.Release_NoSTDIO|Win32.ActiveCfg = Release|Win32
		{7814D54B-65D3-4677-AD77-E0B980B4FA2D}.Release_NoSTDIO|Win32.Build.0 = Release|Win32
		{7814D54B-65D3-4677-AD77-E0B980B4FA2D}.Release|Win32.ActiveCfg = Release|Win32
		{7814D54B-65D3-4677-AD77-E0B980B4FA2D}.Release|Win32.Build.0 = Release|Win32
		{D974A0DF-3E2E-445C-A2EB-E899E9B582CB}.Debug|Win32.ActiveCfg = Debug|Win32
		{D974A0DF-3E2E-445C-A2EB-E899E9B582CB}.Debug|Win32.Build.0 = Debug|Win32
		{D974A0DF-3E2E-445C-A2EB-E899E9B582CB}.Release_NoSTDIO|Win32.ActiveCfg = Release|Win32
		{D974A0DF-3E2E-445C-A2EB-E899E9B582CB}.Release_NoSTDIO|Win32.Build.0 = Release|Win32
		{D974A0DF-3E2E-445C-A2EB-E899E9B582CB}.Release|Win32.ActiveCfg = Release|Win32
		{D974A0DF-3E2E-445C-A2EB-E899E9B582CB}.Release|Win32.Build.0 = Release|Win32
		{272D976B-A1DF-4DEB-BD7F-5C0D330E0C7D}.Debug|Win32.ActiveCfg = Debug|Win32
		{272D976B-A1DF-4DEB-BD7F-5C0D330E0C7D}.Debug|Win32.Build.0 = Debug|Win32
		{272D976B-A1DF-4DEB-BD7F-5C0D330E0C7D}.Release_NoSTDIO|Win32.ActiveCfg = Release|Win32
		{272D976B-A1DF-4DEB-BD7F-5C0D330E0C7D}.Release_NoSTDIO|Win32.Build.0 = Release|Win32
		{272D976B-A1DF-4DEB-BD7F-5C0D330E0C7D}.Release|Win32.ActiveCfg = Release|Win32
		{272D976B-A1DF-4DEB-BD7F-5C0D330E0C7D}.Release|Win32.Build.0 = Release|Win32
		{55812185-D13C-4022-9C81-32E0F4A08304}.Debug|Win32.ActiveCfg = Debug|Win32
		{55812185-D13C-4022-9C81-32E0F4A08304}.Debug|Win32.Build.0 = Debug|Win32
		{55812185-D13C-4022-9C81-32E0F4A08304}.Release_NoSTDIO|Win32.ActiveCfg = Release|Win32
		{55812185-D13C-4022-9C81-32E0F4A08304}.Release_NoSTDIO|Win32.Build.0 = Release|Win32
		{55812185-D13C-4022-9C81-32E0F4A08304}.Release|Win32.ActiveCfg = Release|Win32
		{55812185-D13C-4022-9C81-32E0F4A08304}.Release|Win32.Build.0 = Release|Win32
		{493A8F38-5DA5-4E2D-B5E9-9E69EE4ED1DC}.Debug|Win32.ActiveCfg = Debug|Win32
		{493A8F38-5DA5-4E2D-B5E9-9E69EE4ED1DC}.Debug|Win32.Build.0 = Debug|Win32
		{493A8F38-5DA5-4E2D-B5E9-9E69EE4ED1DC}.Release_NoSTDIO|Win32.ActiveCfg = Release|Win32
		{493A8F38-5DA5-4E2D-B5E9-9E69EE4ED1DC}.Release_NoSTDIO|Win32.Build.0 = Release|Win32
		{493A8F38-5DA5-4E2D-B5E9-9E69EE4ED1DC}.Release|Win32.ActiveCfg = Release|Win32
		{493A8F38-5DA5-4E2D-B5E9-9E69EE4ED1DC}.Release|Win32.Build.0 = Release|Win32
		{575FD095-EDAB-4BD4-B733-CD4A874F6FB0}.Debug|Win32.ActiveCfg = Debug|Win32
		{575FD095-EDAB-4BD4-B733-CD4A874F6FB0}.Debug|Win32.Build.0 = Debug|Win32
		{575FD095-EDAB-4BD4-B733-CD4A874F6FB0}.Release_NoSTDIO|Win32.ActiveCfg = Release|Win32
		{575FD095-EDAB-4BD4-B733-CD4A874F6FB0}.Release_NoSTDIO|Win32.Build.0 = Release|Win32
		{575FD095-EDAB-4BD4-B733-CD4A874F6FB0}.Release|Win32.ActiveCfg = Release|Win32
		{575FD095-EDAB-4BD4-B733-CD4A874F6FB0}.Release|Win32.Build.0 = Release|Win32
		{0FFD1A21-11DB-492C-A989-E4F195B0C441}.Debug|Win32.ActiveCfg = Debug|Win32
		{0FFD1A21-11DB-492C-A989-E4F195B0C441}.Debug|Win32.Build.0 = Debug|Win32
		{0FFD1A21-11DB-492C-A989-E4F195B0C441}.Release_NoSTDIO|Win32.ActiveCfg = Release|Win32
		{0FFD1A21-11DB-492C-A989-E4F195B0C441}.Release_NoSTDIO|Win32.Build.0 = Release|Win32
		{0FFD1A21-11DB-492C-A989-E4F195B0C441}.Release|Win32.ActiveCfg = Release|Win32
		{0FFD1A21-11DB-492C-A989-E4F195B0C441}.Release|Win32.Build.0 = Release|Win32
		{6AF0724B-BAC1-4C9D-AFBF-F63B4A2FB8FB}.Debug|Win32.ActiveCfg = Debug|Win32
		{6AF0724B-BAC1-4C9D-AFBF-F63B4A2FB8FB}.Debug|Win32.Build.0 = Debug|Win32
		{6AF0724B-BAC1-4C9D-AFBF-F63B4A2FB8FB}.Release_NoSTDIO|Win32.ActiveCfg = Release|Win32
		{6AF0724B-BAC1-4C9D-AFBF-F63B4A2FB8FB}.Release_NoSTDIO|Win32.Build.0 = Release|Win32
		{6AF0724B-BAC1-4C9D-AFBF-F63B4A2FB8FB}.Release|Win32.ActiveCfg = Release|Win32
		{6AF0724B-BAC1-4C9D-AFBF-F63B4A2FB8FB}.Release|Win32.Build.0 = Release|Win32
		{26932B24-EFC6-4E3A-B277-ED653DA37968}.Debug|Win32.ActiveCfg = Debug|Win32
		{26932B24-EFC6-4E3A-B277-ED653DA37968}.Debug|Win32.Build.0 = Debug|Win32
		{26932B24-EFC6-4E3A-B277-ED653DA37968}.Release_NoSTDIO|Win32.ActiveCfg = Release|Win32
		{26932B24-EFC6-4E3A-B277-ED653DA37968}.Release_NoSTDIO|Win32.Build.0 = Release|Win32
		{26932B24-EFC6-4E3A-B277-ED653DA37968}.Release|Win32.ActiveCfg = Release|Win32
		{26932B24-EFC6-4E3A-B277-ED653DA37968}.Release|Win32.Build.0 = Release|Win32
		{CAE4F1D0-314F-4B10-805B-0EFD670133A0}.Debug|Win32.ActiveCfg = Debug|Win32
		{CAE4F1D0-314F-4B10-805B-0EFD670133A0}.Debug|Win32.Build.0 = Debug|Win32
		{CAE4F1D0-314F-4B10-805B-0EFD670133A0}.Release_NoSTDIO|Win32.ActiveCfg = Release|Win32
		{CAE4F1D0-314F-4B10-805B-0EFD670133A0}.Release_NoSTDIO|Win32.Build.0 = Release|Win32
		{CAE4F1D0-314F-4B10-805B-0EFD670133A0}.Release|Win32.ActiveCfg = Release|Win32
		{CAE4F1D0-314F-4B10-805B-0EFD670133A0}.Release|Win32.Build.0 = Release|Win32
		{81CE8DAF-EBB2-4761-8E45-B71ABCCA8C68}.Debug|Win32.ActiveCfg = Debug|Win32
		{81CE8DAF-EBB2-4761-8E45-B71ABCCA8C68}.Debug|Win32.Build.0 = Debug|Win32
		{81CE8DAF-EBB2-4761-8E45-B71ABCCA8C68}.Release_NoSTDIO|Win32.ActiveCfg = Release|Win32
		{81CE8DAF-EBB2-4761-8E45-B71ABCCA8C68}.Release_NoSTDIO|Win32.Build.0 = Release|Win32
		{81CE8DAF-EBB2-4761-8E45-B71ABCCA8C68}.Release|Win32.ActiveCfg = Release|Win32
		{81CE8DAF-EBB2-4761-8E45-B71ABCCA8C68}.Release|Win32.Build.0 = Release|Win32
		{DA956FD3-E142-46F2-9DD5-C78BEBB56B7A}.Debug|Win32.ActiveCfg = Debug|Win32
		{DA956FD3-E142-46F2-9DD5-C78BEBB56B7A}.Debug|Win32.Build.0 = Debug|Win32
		{DA956FD3-E142-46F2-9DD5-C78BEBB56B7A}.Release_NoSTDIO|Win32.ActiveCfg = Release_NoSTDIO|Win32
		{DA956FD3-E142-46F2-9DD5-C78BEBB56B7A}.Release_NoSTDIO|Win32.Build.0 = Release_NoSTDIO|Win32
		{DA956FD3-E142-46F2-9DD5-C78BEBB56B7A}.Release|Win32.ActiveCfg = Release|Win32
		{DA956FD3-E142-46F2-9DD5-C78BEBB56B7A}.Release|Win32.Build.0 = Release|Win32
		{22CDF27E-E761-4CA6-9958-C044B69809EC}.Debug|Win32.ActiveCfg = Debug|Win32
		{22CDF27E-E761-4CA6-9958-C044B69809EC}.Debug|Win32.Build.0 = Debug|Win32
		{22CDF27E-E761-4CA6-9958-C044B69809EC}.Release_NoSTDIO|Win32.ActiveCfg = Release|Win32
		{22CDF27E-E761-4CA6-9958-C044B69809EC}.Release_NoSTDIO|Win32.Build.0 = Release|Win32
		{22CDF27E-E761-4CA6-9958-C044B69809EC}.Release|Win32.ActiveCfg = Release|Win32
		{22CDF27E-E761-4CA6-9958-C044B69809EC}.Release|Win32.Build.0 = Release|Win32
		{0BDABBD7-E80E-481A-A1AE-7C8A71AA4A45}.Debug|Win32.ActiveCfg = Debug|Win32
		{0BDABBD7-E80E-481A-A1AE-7C8A71AA4A45}.Debug|Win32.Build.0 = Debug|Win32
		{0BDABBD7-E80E-481A-A1AE-7C8A71AA4A45}.Release_NoSTDIO|Win32.ActiveCfg = Release|Win32
		{0BDABBD7-E80E-481A-A1AE-7C8A71AA4A45}.Release_NoSTDIO|Win32.Build.0 = Release|Win32
		{0BDABBD7-E80E-481A-A1AE-7C8A71AA4A45}.Release|Win32.ActiveCfg = Release|Win32
		{0BDABBD7-E80E-481A-A1AE-7C8A71AA4A45}.Release|Win32.Build.0 = Release|Win32
		{2EE56172-C5A0-4EE8-A828-73DAC5419A14}.Debug|Win32.ActiveCfg = Debug|Win32
		{2EE56172-C5A0-4EE8-A828-73DAC5419A14}.Debug|Win32.Build.0 = Debug|Win32
		{2EE56172-C5A0-4EE8-A828-73DAC5419A14}.Release_NoSTDIO|Win32.ActiveCfg = Release|Win32
		{2EE56172-C5A0-4EE8-A828-73DAC5419A14}.Release_NoSTDIO|Win32.Build.0 = Release|Win32
		{2EE56172-C5A0-4EE8-A828-73DAC5419A14}.Release|Win32.ActiveCfg = Release|Win32
		{2EE56172-C5A0-4EE8-A828-73DAC5419A14}.Release|Win32.Build.0 = Release|Win32
		{E036C168-2F4C-4D89-A609-3544EB836FD6}.Debug|Win32.ActiveCfg = Debug|Win32
		{E036C168-2F4C-4D89-A609-3544EB836FD6}.Debug|Win32.Build.0 = Debug|Win32
		{E036C168-2F4C-4D89-A609-3544EB836FD6}.Release_NoSTDIO|Win32.ActiveCfg = Release|Win32
		{E036C168-2F4C-4D89-A609-3544EB836FD6}.Release_NoSTDIO|Win32.Build.0 = Release|Win32
		{E036C168-2F4C-4D89-A609-3544EB836FD6}.Release|Win32.ActiveCfg = Release|Win32
		{E036C168-2F4C-4D89-A609-3544EB836FD6}.Release|Win32.Build.0 = Release|Win32
		{2EA62DB1-4DBD-4296-BA46-F7C13EEE8B6C}.Debug|Win32.ActiveCfg = Debug|Win32
		{2EA62DB1-4DBD-4296-BA46-F7C13EEE8B6C}.Debug|Win32.Build.0 = Debug|Win32
		{2EA62DB1-4DBD-4296-BA46-F7C13EEE8B6C}.Release_NoSTDIO|Win32.ActiveCfg = Release|Win32
		{2EA62DB1-4DBD-4296-BA46-F7C13EEE8B6C}.Release_NoSTDIO|Win32.Build.0 = Release|Win32
		{2EA62DB1-4DBD-4296-BA46-F7C13EEE8B6C}.Release|Win32.ActiveCfg = Release|Win32
		{2EA62DB1-4DBD-4296-BA46-F7C13EEE8B6C}.Release|Win32.Build.0 = Release|Win32
		{27703924-2CDF-414C-B0B1-1FD7EBCEACDC}.Debug|Win32.ActiveCfg = Debug|Win32
		{27703924-2CDF-414C-B0B1-1FD7EBCEACDC}.Debug|Win32.Build.0 = Debug|Win32
		{27703924-2CDF-414C-B0B1-1FD7EBCEACDC}.Release_NoSTDIO|Win32.ActiveCfg = Release|Win32
		{27703924-2CDF-414C-B0B1-1FD7EBCEACDC}.Release_NoSTDIO|Win32.Build.0 = Release|Win32
		{27703924-2CDF-414C-B0B1-1FD7EBCEACDC}.Release|Win32.ActiveCfg = Release|Win32
		{27703924-2CDF-414C-B0B1-1FD7EBCEACDC}.Release|Win32.Build.0 = Release|Win32
		{E8EF0B2F-4970-4F96-AA0A-1C5EC702FD0C}.Debug|Win32.ActiveCfg = Debug|Win32
		{E8EF0B2F-4970-4F96-AA0A-1C5EC702FD0C}.Debug|Win32.Build.0 = Debug|Win32
		{E8EF0B2F-4970-4F96-AA0A-1C5EC702FD0C}.Release_NoSTDIO|Win32.ActiveCfg = Release|Win32
		{E8EF0B2F-4970-4F96-AA0A-1C5EC702FD0C}.Release_NoSTDIO|Win32.Build.0 = Release|Win32
		{E8EF0B2F-4970-4F96-AA0A-1C5EC702FD0C}.Release|Win32.ActiveCfg = Release|Win32
		{E8EF0B2F-4970-4F96-AA0A-1C5EC702FD0C}.Release|Win32.Build.0 = Release|Win32
		{6DA5DE43-AE32-41A0-A91F-1945D723B389}.Debug|Win32.ActiveCfg = Debug|Win32
		{6DA5DE43-AE32-41A0-A91F-1945D723B389}.Debug|Win32.Build.0 = Debug|Win32
		{6DA5DE43-AE32-41A0-A91F-1945D723B389}.Release_NoSTDIO|Win32.ActiveCfg = Release|Win32
		{6DA5DE43-AE32-41A0-A91F-1945D723B389}.Release_NoSTDIO|Win32.Build.0 = Release|Win32
		{6DA5DE43-AE32-41A0-A91F-1945D723B389}.Release|Win32.ActiveCfg = Release|Win32
		{6DA5DE43-AE32-41A0-A91F-1945D723B389}.Release|Win32.Build.0 = Release|Win32
		{7C496217-4630-479D-9652-7810488915A1}.Debug|Win32.ActiveCfg = Debug|Win32
		{7C496217-4630-479D-9652-7810488915A1}.Debug|Win32.Build.0 = Debug|Win32
		{7C496217-4630-479D-9652-7810488915A1}.Release_NoSTDIO|Win32.ActiveCfg = Release|Win32
		{7C496217-4630-479D-9652-7810488915A1}.Release_NoSTDIO|Win32.Build.0 = Release|Win32
		{7C496217-4630-479D-9652-7810488915A1}.Release|Win32.ActiveCfg = Release|Win32
		{7C496217-4630-479D-9652-7810488915A1}.Release|Win32.Build.0 = Release|Win32
		{0962A130-47E7-4EA5-897C-0BEAAB275337}.Debug|Win32.ActiveCfg = Debug|Win32
		{0962A130-47E7-4EA5-897C-0BEAAB275337}.Debug|Win32.Build.0 = Debug|Win32
		{0962A130-47E7-4EA5-897C-0BEAAB275337}.Release_NoSTDIO|Win32.ActiveCfg = Release|Win32
		{0962A130-47E7-4EA5-897C-0BEAAB275337}.Release_NoSTDIO|Win32.Build.0 = Release|Win32
		{0962A130-47E7-4EA5-897C-0BEAAB275337}.Release|Win32.ActiveCfg = Release|Win32
		{0962A130-47E7-4EA5-897C-0BEAAB275337}.Release|Win32.Build.0 = Release|Win32
		{2236FD48-8E38-4F01-9AD8-402E150A8F34}.Debug|Win32.ActiveCfg = Debug|Win32
		{2236FD48-8E38-4F01-9AD8-402E150A8F34}.Debug|Win32.Build.0 = Debug|Win32
		{2236FD48-8E38-4F01-9AD8-402E150A8F34}.Release_NoSTDIO|Win32.ActiveCfg = Release|Win32
		{2236FD48-8E38-4F01-9AD8-402E150A8F34}.Release_NoSTDIO|Win32.Build.0 = Release|Win32
		{2236FD48-8E38-4F01-9AD8-402E150A8F34}.Release|Win32.ActiveCfg = Release|Win32
		{2236FD48-8E38-4F01-9AD8-402E150A8F34}.Release|Win32.Build.0 = Release|Win32
	EndGlobalSection
	GlobalSection(SolutionProperties) = preSolution
		HideSolutionNode = FALSE
	EndGlobalSection
	GlobalSection(NestedProjects) = preSolution
		{F9789957-66C0-4DB8-AE5C-99785AC87B23} = {0773640F-C9F6-4F77-ABC7-2216D23F7C75}
		{7C496217-4630-479D-9652-7810488915A1} = {0773640F-C9F6-4F77-ABC7-2216D23F7C75}
		{0962A130-47E7-4EA5-897C-0BEAAB275337} = {0773640F-C9F6-4F77-ABC7-2216D23F7C75}
		{153D9858-4869-45E2-B4AB-6391FA391047} = {0773640F-C9F6-4F77-ABC7-2216D23F7C75}
		{7B31BE79-BED9-48C8-99B6-A35B33CDFAB7} = {5A793C56-C9BB-461E-874A-1FCC47E5B670}
		{81CE8DAF-EBB2-4761-8E45-B71ABCCA8C68} = {5A793C56-C9BB-461E-874A-1FCC47E5B670}
		{DA956FD3-E142-46F2-9DD5-C78BEBB56B7A} = {5A793C56-C9BB-461E-874A-1FCC47E5B670}
		{0BCCA0BF-073E-439E-BCE0-C9353C177487} = {7B31BE79-BED9-48C8-99B6-A35B33CDFAB7}
		{AAAD1CB5-7ADA-47AE-85A0-08A6EC48FAFB} = {7B31BE79-BED9-48C8-99B6-A35B33CDFAB7}
		{7814D54B-65D3-4677-AD77-E0B980B4FA2D} = {7B31BE79-BED9-48C8-99B6-A35B33CDFAB7}
		{D974A0DF-3E2E-445C-A2EB-E899E9B582CB} = {7B31BE79-BED9-48C8-99B6-A35B33CDFAB7}
		{272D976B-A1DF-4DEB-BD7F-5C0D330E0C7D} = {7B31BE79-BED9-48C8-99B6-A35B33CDFAB7}
		{55812185-D13C-4022-9C81-32E0F4A08304} = {7B31BE79-BED9-48C8-99B6-A35B33CDFAB7}
		{493A8F38-5DA5-4E2D-B5E9-9E69EE4ED1DC} = {7B31BE79-BED9-48C8-99B6-A35B33CDFAB7}
		{575FD095-EDAB-4BD4-B733-CD4A874F6FB0} = {7B31BE79-BED9-48C8-99B6-A35B33CDFAB7}
		{0FFD1A21-11DB-492C-A989-E4F195B0C441} = {7B31BE79-BED9-48C8-99B6-A35B33CDFAB7}
		{6AF0724B-BAC1-4C9D-AFBF-F63B4A2FB8FB} = {7B31BE79-BED9-48C8-99B6-A35B33CDFAB7}
		{26932B24-EFC6-4E3A-B277-ED653DA37968} = {7B31BE79-BED9-48C8-99B6-A35B33CDFAB7}
		{CAE4F1D0-314F-4B10-805B-0EFD670133A0} = {7B31BE79-BED9-48C8-99B6-A35B33CDFAB7}
		{444268B0-BEF5-4A8B-9530-5927AA2BF05C} = {9F72E0C9-3E79-4F12-B433-0F30BC908A83}
		{549B414D-9832-46C9-9B06-1FC6AACDE086} = {9F72E0C9-3E79-4F12-B433-0F30BC908A83}
		{AC2EDF45-C393-4F43-ADCC-DECFF028011E} = {9F72E0C9-3E79-4F12-B433-0F30BC908A83}
		{6D291F3C-43B4-4945-B96B-D2C6C3333F25} = {444268B0-BEF5-4A8B-9530-5927AA2BF05C}
		{35C76C98-910A-4B26-A8A6-AEE7C9962ADA} = {444268B0-BEF5-4A8B-9530-5927AA2BF05C}
		{86A5302C-A11C-46FD-9D3B-D2D037F24C12} = {444268B0-BEF5-4A8B-9530-5927AA2BF05C}
		{454E845F-07F7-41BB-9606-269B676BA13D} = {444268B0-BEF5-4A8B-9530-5927AA2BF05C}
		{9EE20C59-7F8A-4104-AE73-0DE84E5CF469} = {549B414D-9832-46C9-9B06-1FC6AACDE086}
		{22CDF27E-E761-4CA6-9958-C044B69809EC} = {F9789957-66C0-4DB8-AE5C-99785AC87B23}
		{0BDABBD7-E80E-481A-A1AE-7C8A71AA4A45} = {F9789957-66C0-4DB8-AE5C-99785AC87B23}
		{2EE56172-C5A0-4EE8-A828-73DAC5419A14} = {F9789957-66C0-4DB8-AE5C-99785AC87B23}
		{E036C168-2F4C-4D89-A609-3544EB836FD6} = {F9789957-66C0-4DB8-AE5C-99785AC87B23}
		{2EA62DB1-4DBD-4296-BA46-F7C13EEE8B6C} = {F9789957-66C0-4DB8-AE5C-99785AC87B23}
		{27703924-2CDF-414C-B0B1-1FD7EBCEACDC} = {F9789957-66C0-4DB8-AE5C-99785AC87B23}
		{E8EF0B2F-4970-4F96-AA0A-1C5EC702FD0C} = {F9789957-66C0-4DB8-AE5C-99785AC87B23}
		{6DA5DE43-AE32-41A0-A91F-1945D723B389} = {F9789957-66C0-4DB8-AE5C-99785AC87B23}
		{2236FD48-8E38-4F01-9AD8-402E150A8F34} = {153D9858-4869-45E2-B4AB-6391FA391047}
	EndGlobalSection
EndGlobal
