
Microsoft Visual Studio Solution File, Format Version 10.00
# Visual Studio 2008
Project("{2150E333-8FDC-42A3-9474-1A3956D46DE8}") = "lib", "lib", "{444268B0-BEF5-4A8B-9530-5927AA2BF05C}"
EndProject
Project("{2150E333-8FDC-42A3-9474-1A3956D46DE8}") = "tests", "tests", "{549B414D-9832-46C9-9B06-1FC6AACDE086}"
EndProject
Project("{8BC9CEB8-8B4A-11D0-8D11-00A0C91BC942}") = "UsageEnvironment", "live\UsageEnvironment.vcproj", "{6D291F3C-43B4-4945-B96B-D2C6C3333F25}"
EndProject
Project("{8BC9CEB8-8B4A-11D0-8D11-00A0C91BC942}") = "BasicUsageEnvironment", "live\BasicUsageEnvironment.vcproj", "{35C76C98-910A-4B26-A8A6-AEE7C9962ADA}"
EndProject
Project("{8BC9CEB8-8B4A-11D0-8D11-00A0C91BC942}") = "groupsock", "live\groupsock.vcproj", "{86A5302C-A11C-46FD-9D3B-D2D037F24C12}"
EndProject
Project("{8BC9CEB8-8B4A-11D0-8D11-00A0C91BC942}") = "liveMedia", "live\liveMedia.vcproj", "{454E845F-07F7-41BB-9606-269B676BA13D}"
EndProject
Project("{8BC9CEB8-8B4A-11D0-8D11-00A0C91BC942}") = "mediaServer", "live\mediaServer.vcproj", "{AC2EDF45-C393-4F43-ADCC-DECFF028011E}"
	ProjectSection(ProjectDependencies) = postProject
		{86A5302C-A11C-46FD-9D3B-D2D037F24C12} = {86A5302C-A11C-46FD-9D3B-D2D037F24C12}
		{6D291F3C-43B4-4945-B96B-D2C6C3333F25} = {6D291F3C-43B4-4945-B96B-D2C6C3333F25}
		{454E845F-07F7-41BB-9606-269B676BA13D} = {454E845F-07F7-41BB-9606-269B676BA13D}
		{35C76C98-910A-4B26-A8A6-AEE7C9962ADA} = {35C76C98-910A-4B26-A8A6-AEE7C9962ADA}
	EndProjectSection
EndProject
Project("{8BC9CEB8-8B4A-11D0-8D11-00A0C91BC942}") = "openRTSP", "tests\openRTSP.vcproj", "{9EE20C59-7F8A-4104-AE73-0DE84E5CF469}"
	ProjectSection(ProjectDependencies) = postProject
		{86A5302C-A11C-46FD-9D3B-D2D037F24C12} = {86A5302C-A11C-46FD-9D3B-D2D037F24C12}
		{6D291F3C-43B4-4945-B96B-D2C6C3333F25} = {6D291F3C-43B4-4945-B96B-D2C6C3333F25}
		{454E845F-07F7-41BB-9606-269B676BA13D} = {454E845F-07F7-41BB-9606-269B676BA13D}
		{35C76C98-910A-4B26-A8A6-AEE7C9962ADA} = {35C76C98-910A-4B26-A8A6-AEE7C9962ADA}
	EndProjectSection
EndProject
Global
	GlobalSection(SolutionConfigurationPlatforms) = preSolution
		Debug|Win32 = Debug|Win32
		Release|Win32 = Release|Win32
	EndGlobalSection
	GlobalSection(ProjectConfigurationPlatforms) = postSolution
		{6D291F3C-43B4-4945-B96B-D2C6C3333F25}.Debug|Win32.ActiveCfg = Debug|Win32
		{6D291F3C-43B4-4945-B96B-D2C6C3333F25}.Debug|Win32.Build.0 = Debug|Win32
		{6D291F3C-43B4-4945-B96B-D2C6C3333F25}.Release|Win32.ActiveCfg = Release|Win32
		{6D291F3C-43B4-4945-B96B-D2C6C3333F25}.Release|Win32.Build.0 = Release|Win32
		{35C76C98-910A-4B26-A8A6-AEE7C9962ADA}.Debug|Win32.ActiveCfg = Debug|Win32
		{35C76C98-910A-4B26-A8A6-AEE7C9962ADA}.Debug|Win32.Build.0 = Debug|Win32
		{35C76C98-910A-4B26-A8A6-AEE7C9962ADA}.Release|Win32.ActiveCfg = Release|Win32
		{35C76C98-910A-4B26-A8A6-AEE7C9962ADA}.Release|Win32.Build.0 = Release|Win32
		{86A5302C-A11C-46FD-9D3B-D2D037F24C12}.Debug|Win32.ActiveCfg = Debug|Win32
		{86A5302C-A11C-46FD-9D3B-D2D037F24C12}.Debug|Win32.Build.0 = Debug|Win32
		{86A5302C-A11C-46FD-9D3B-D2D037F24C12}.Release|Win32.ActiveCfg = Release|Win32
		{86A5302C-A11C-46FD-9D3B-D2D037F24C12}.Release|Win32.Build.0 = Release|Win32
		{454E845F-07F7-41BB-9606-269B676BA13D}.Debug|Win32.ActiveCfg = Debug|Win32
		{454E845F-07F7-41BB-9606-269B676BA13D}.Debug|Win32.Build.0 = Debug|Win32
		{454E845F-07F7-41BB-9606-269B676BA13D}.Release|Win32.ActiveCfg = Release|Win32
		{454E845F-07F7-41BB-9606-269B676BA13D}.Release|Win32.Build.0 = Release|Win32
		{AC2EDF45-C393-4F43-ADCC-DECFF028011E}.Debug|Win32.ActiveCfg = Debug|Win32
		{AC2EDF45-C393-4F43-ADCC-DECFF028011E}.Debug|Win32.Build.0 = Debug|Win32
		{AC2EDF45-C393-4F43-ADCC-DECFF028011E}.Release|Win32.ActiveCfg = Release|Win32
		{AC2EDF45-C393-4F43-ADCC-DECFF028011E}.Release|Win32.Build.0 = Release|Win32
		{9EE20C59-7F8A-4104-AE73-0DE84E5CF469}.Debug|Win32.ActiveCfg = Debug|Win32
		{9EE20C59-7F8A-4104-AE73-0DE84E5CF469}.Debug|Win32.Build.0 = Debug|Win32
		{9EE20C59-7F8A-4104-AE73-0DE84E5CF469}.Release|Win32.ActiveCfg = Release|Win32
		{9EE20C59-7F8A-4104-AE73-0DE84E5CF469}.Release|Win32.Build.0 = Release|Win32
	EndGlobalSection
	GlobalSection(SolutionProperties) = preSolution
		HideSolutionNode = FALSE
	EndGlobalSection
	GlobalSection(NestedProjects) = preSolution
		{6D291F3C-43B4-4945-B96B-D2C6C3333F25} = {444268B0-BEF5-4A8B-9530-5927AA2BF05C}
		{35C76C98-910A-4B26-A8A6-AEE7C9962ADA} = {444268B0-BEF5-4A8B-9530-5927AA2BF05C}
		{86A5302C-A11C-46FD-9D3B-D2D037F24C12} = {444268B0-BEF5-4A8B-9530-5927AA2BF05C}
		{454E845F-07F7-41BB-9606-269B676BA13D} = {444268B0-BEF5-4A8B-9530-5927AA2BF05C}
		{9EE20C59-7F8A-4104-AE73-0DE84E5CF469} = {549B414D-9832-46C9-9B06-1FC6AACDE086}
	EndGlobalSection
EndGlobal
