
Microsoft Visual Studio Solution File, Format Version 10.00
# Visual Studio 2008
Project("{2150E333-8FDC-42A3-9474-1A3956D46DE8}") = "lib", "lib", "{F9789957-66C0-4DB8-AE5C-99785AC87B23}"
EndProject
Project("{8BC9CEB8-8B4A-11D0-8D11-00A0C91BC942}") = "libavutil", "ffmpeg\lib\libavutil.vcproj", "{22CDF27E-E761-4CA6-9958-C044B69809EC}"
EndProject
Project("{8BC9CEB8-8B4A-11D0-8D11-00A0C91BC942}") = "libavcodec", "ffmpeg\lib\libavcodec.vcproj", "{0BDABBD7-E80E-481A-A1AE-7C8A71AA4A45}"
EndProject
Project("{8BC9CEB8-8B4A-11D0-8D11-00A0C91BC942}") = "libavcore", "ffmpeg\lib\libavcore.vcproj", "{2EE56172-C5A0-4EE8-A828-73DAC5419A14}"
EndProject
Project("{8BC9CEB8-8B4A-11D0-8D11-00A0C91BC942}") = "libavdevice", "ffmpeg\lib\libavdevice.vcproj", "{E036C168-2F4C-4D89-A609-3544EB836FD6}"
EndProject
Project("{8BC9CEB8-8B4A-11D0-8D11-00A0C91BC942}") = "libavfilter", "ffmpeg\lib\libavfilter.vcproj", "{2EA62DB1-4DBD-4296-BA46-F7C13EEE8B6C}"
EndProject
Project("{8BC9CEB8-8B4A-11D0-8D11-00A0C91BC942}") = "libavformat", "ffmpeg\lib\libavformat.vcproj", "{27703924-2CDF-414C-B0B1-1FD7EBCEACDC}"
EndProject
Project("{8BC9CEB8-8B4A-11D0-8D11-00A0C91BC942}") = "libswscale", "ffmpeg\lib\libswscale.vcproj", "{E8EF0B2F-4970-4F96-AA0A-1C5EC702FD0C}"
EndProject
Project("{8BC9CEB8-8B4A-11D0-8D11-00A0C91BC942}") = "libvsmm", "ffmpeg\lib\libvsmm.vcproj", "{6DA5DE43-AE32-41A0-A91F-1945D723B389}"
EndProject
Project("{8BC9CEB8-8B4A-11D0-8D11-00A0C91BC942}") = "FFplay", "ffmpeg\FFplay.vcproj", "{7C496217-4630-479D-9652-7810488915A1}"
EndProject
Project("{8BC9CEB8-8B4A-11D0-8D11-00A0C91BC942}") = "FFmpeg", "ffmpeg\FFmpeg.vcproj", "{0962A130-47E7-4EA5-897C-0BEAAB275337}"
EndProject
Global
	GlobalSection(SolutionConfigurationPlatforms) = preSolution
		Debug|Win32 = Debug|Win32
		Release|Win32 = Release|Win32
	EndGlobalSection
	GlobalSection(ProjectConfigurationPlatforms) = postSolution
		{22CDF27E-E761-4CA6-9958-C044B69809EC}.Debug|Win32.ActiveCfg = Debug|Win32
		{22CDF27E-E761-4CA6-9958-C044B69809EC}.Debug|Win32.Build.0 = Debug|Win32
		{22CDF27E-E761-4CA6-9958-C044B69809EC}.Release|Win32.ActiveCfg = Release|Win32
		{22CDF27E-E761-4CA6-9958-C044B69809EC}.Release|Win32.Build.0 = Release|Win32
		{0BDABBD7-E80E-481A-A1AE-7C8A71AA4A45}.Debug|Win32.ActiveCfg = Debug|Win32
		{0BDABBD7-E80E-481A-A1AE-7C8A71AA4A45}.Debug|Win32.Build.0 = Debug|Win32
		{0BDABBD7-E80E-481A-A1AE-7C8A71AA4A45}.Release|Win32.ActiveCfg = Release|Win32
		{0BDABBD7-E80E-481A-A1AE-7C8A71AA4A45}.Release|Win32.Build.0 = Release|Win32
		{2EE56172-C5A0-4EE8-A828-73DAC5419A14}.Debug|Win32.ActiveCfg = Debug|Win32
		{2EE56172-C5A0-4EE8-A828-73DAC5419A14}.Debug|Win32.Build.0 = Debug|Win32
		{2EE56172-C5A0-4EE8-A828-73DAC5419A14}.Release|Win32.ActiveCfg = Release|Win32
		{2EE56172-C5A0-4EE8-A828-73DAC5419A14}.Release|Win32.Build.0 = Release|Win32
		{E036C168-2F4C-4D89-A609-3544EB836FD6}.Debug|Win32.ActiveCfg = Debug|Win32
		{E036C168-2F4C-4D89-A609-3544EB836FD6}.Debug|Win32.Build.0 = Debug|Win32
		{E036C168-2F4C-4D89-A609-3544EB836FD6}.Release|Win32.ActiveCfg = Release|Win32
		{E036C168-2F4C-4D89-A609-3544EB836FD6}.Release|Win32.Build.0 = Release|Win32
		{2EA62DB1-4DBD-4296-BA46-F7C13EEE8B6C}.Debug|Win32.ActiveCfg = Debug|Win32
		{2EA62DB1-4DBD-4296-BA46-F7C13EEE8B6C}.Debug|Win32.Build.0 = Debug|Win32
		{2EA62DB1-4DBD-4296-BA46-F7C13EEE8B6C}.Release|Win32.ActiveCfg = Release|Win32
		{2EA62DB1-4DBD-4296-BA46-F7C13EEE8B6C}.Release|Win32.Build.0 = Release|Win32
		{27703924-2CDF-414C-B0B1-1FD7EBCEACDC}.Debug|Win32.ActiveCfg = Debug|Win32
		{27703924-2CDF-414C-B0B1-1FD7EBCEACDC}.Debug|Win32.Build.0 = Debug|Win32
		{27703924-2CDF-414C-B0B1-1FD7EBCEACDC}.Release|Win32.ActiveCfg = Release|Win32
		{27703924-2CDF-414C-B0B1-1FD7EBCEACDC}.Release|Win32.Build.0 = Release|Win32
		{E8EF0B2F-4970-4F96-AA0A-1C5EC702FD0C}.Debug|Win32.ActiveCfg = Debug|Win32
		{E8EF0B2F-4970-4F96-AA0A-1C5EC702FD0C}.Debug|Win32.Build.0 = Debug|Win32
		{E8EF0B2F-4970-4F96-AA0A-1C5EC702FD0C}.Release|Win32.ActiveCfg = Release|Win32
		{E8EF0B2F-4970-4F96-AA0A-1C5EC702FD0C}.Release|Win32.Build.0 = Release|Win32
		{6DA5DE43-AE32-41A0-A91F-1945D723B389}.Debug|Win32.ActiveCfg = Debug|Win32
		{6DA5DE43-AE32-41A0-A91F-1945D723B389}.Debug|Win32.Build.0 = Debug|Win32
		{6DA5DE43-AE32-41A0-A91F-1945D723B389}.Release|Win32.ActiveCfg = Release|Win32
		{6DA5DE43-AE32-41A0-A91F-1945D723B389}.Release|Win32.Build.0 = Release|Win32
		{7C496217-4630-479D-9652-7810488915A1}.Debug|Win32.ActiveCfg = Debug|Win32
		{7C496217-4630-479D-9652-7810488915A1}.Debug|Win32.Build.0 = Debug|Win32
		{7C496217-4630-479D-9652-7810488915A1}.Release|Win32.ActiveCfg = Release|Win32
		{7C496217-4630-479D-9652-7810488915A1}.Release|Win32.Build.0 = Release|Win32
		{0962A130-47E7-4EA5-897C-0BEAAB275337}.Debug|Win32.ActiveCfg = Debug|Win32
		{0962A130-47E7-4EA5-897C-0BEAAB275337}.Debug|Win32.Build.0 = Debug|Win32
		{0962A130-47E7-4EA5-897C-0BEAAB275337}.Release|Win32.ActiveCfg = Release|Win32
		{0962A130-47E7-4EA5-897C-0BEAAB275337}.Release|Win32.Build.0 = Release|Win32
	EndGlobalSection
	GlobalSection(SolutionProperties) = preSolution
		HideSolutionNode = FALSE
	EndGlobalSection
	GlobalSection(NestedProjects) = preSolution
		{22CDF27E-E761-4CA6-9958-C044B69809EC} = {F9789957-66C0-4DB8-AE5C-99785AC87B23}
		{0BDABBD7-E80E-481A-A1AE-7C8A71AA4A45} = {F9789957-66C0-4DB8-AE5C-99785AC87B23}
		{2EE56172-C5A0-4EE8-A828-73DAC5419A14} = {F9789957-66C0-4DB8-AE5C-99785AC87B23}
		{E036C168-2F4C-4D89-A609-3544EB836FD6} = {F9789957-66C0-4DB8-AE5C-99785AC87B23}
		{2EA62DB1-4DBD-4296-BA46-F7C13EEE8B6C} = {F9789957-66C0-4DB8-AE5C-99785AC87B23}
		{27703924-2CDF-414C-B0B1-1FD7EBCEACDC} = {F9789957-66C0-4DB8-AE5C-99785AC87B23}
		{E8EF0B2F-4970-4F96-AA0A-1C5EC702FD0C} = {F9789957-66C0-4DB8-AE5C-99785AC87B23}
		{6DA5DE43-AE32-41A0-A91F-1945D723B389} = {F9789957-66C0-4DB8-AE5C-99785AC87B23}
	EndGlobalSection
EndGlobal
